
Microsoft Visual Studio Solution File, Format Version 12.00
# Visual Studio Version 17
VisualStudioVersion = 17.7.34024.191
MinimumVisualStudioVersion = 10.0.40219.1
Project("{FAE04EC0-301F-11D3-BF4B-00C04F79EFBC}") = "BabbleProjectFinalDraft", "BabbleProjectFinalDraft.csproj", "{BB8969A3-9F6F-4430-AF6C-457124766C15}"
EndProject
Global
	GlobalSection(SolutionConfigurationPlatforms) = preSolution
		Debug|Any CPU = Debug|Any CPU
		Release|Any CPU = Release|Any CPU
	EndGlobalSection
	GlobalSection(ProjectConfigurationPlatforms) = postSolution
		{BB8969A3-9F6F-4430-AF6C-457124766C15}.Debug|Any CPU.ActiveCfg = Debug|Any CPU
		{BB8969A3-9F6F-4430-AF6C-457124766C15}.Debug|Any CPU.Build.0 = Debug|Any CPU
		{BB8969A3-9F6F-4430-AF6C-457124766C15}.Release|Any CPU.ActiveCfg = Release|Any CPU
		{BB8969A3-9F6F-4430-AF6C-457124766C15}.Release|Any CPU.Build.0 = Release|Any CPU
	EndGlobalSection
	GlobalSection(SolutionProperties) = preSolution
		HideSolutionNode = FALSE
	EndGlobalSection
	GlobalSection(ExtensibilityGlobals) = postSolution
		SolutionGuid = {12515BCC-601F-41B7-A5CF-E3E9D95BEB75}
	EndGlobalSection
EndGlobal
